// !$*UTF8*$!
{
	archiveVersion = 1;
	classes = {
	};
	objectVersion = 51;
	objects = {

/* Begin PBXBuildFile section */
		3F41BA632950333766591017 /* Pods_marvel.framework in Frameworks */ = {isa = PBXBuildFile; fileRef = 7B0A008D919210827FF6F566 /* Pods_marvel.framework */; };
		455668B1DB8CEE7A8EB2A7BF /* Pods_marvelTests.framework in Frameworks */ = {isa = PBXBuildFile; fileRef = 26A2FDAB5321CF5A65358C7C /* Pods_marvelTests.framework */; };
		7B17D8F72517B33600EBAD97 /* CharacterInfo.swift in Sources */ = {isa = PBXBuildFile; fileRef = 7B17D8F62517B33600EBAD97 /* CharacterInfo.swift */; };
		7B17D9172517CBF000EBAD97 /* Characters.json in Resources */ = {isa = PBXBuildFile; fileRef = 7B17D9162517CBF000EBAD97 /* Characters.json */; };
		7B17D91E2517CD4E00EBAD97 /* Characters.json in Resources */ = {isa = PBXBuildFile; fileRef = 7B17D9162517CBF000EBAD97 /* Characters.json */; };
		7B2F2C912516794F00D7313D /* AppDelegate.swift in Sources */ = {isa = PBXBuildFile; fileRef = 7B2F2C902516794F00D7313D /* AppDelegate.swift */; };
		7B2F2C932516794F00D7313D /* SceneDelegate.swift in Sources */ = {isa = PBXBuildFile; fileRef = 7B2F2C922516794F00D7313D /* SceneDelegate.swift */; };
		7B2F2C9A2516795100D7313D /* Assets.xcassets in Resources */ = {isa = PBXBuildFile; fileRef = 7B2F2C992516795100D7313D /* Assets.xcassets */; };
		7B2F2C9D2516795100D7313D /* LaunchScreen.storyboard in Resources */ = {isa = PBXBuildFile; fileRef = 7B2F2C9B2516795100D7313D /* LaunchScreen.storyboard */; };
		7B2F2CB32516795100D7313D /* marvelUITests.swift in Sources */ = {isa = PBXBuildFile; fileRef = 7B2F2CB22516795100D7313D /* marvelUITests.swift */; };
		7B5F34F5251931FA003C0170 /* CharacterCollectionViewCell.swift in Sources */ = {isa = PBXBuildFile; fileRef = 7B5F34F3251931FA003C0170 /* CharacterCollectionViewCell.swift */; };
		7B5F34F6251931FA003C0170 /* CharacterCollectionViewCell.xib in Resources */ = {isa = PBXBuildFile; fileRef = 7B5F34F4251931FA003C0170 /* CharacterCollectionViewCell.xib */; };
		7B8B3FFD2517DAC100AAE12D /* R.generated.swift in Sources */ = {isa = PBXBuildFile; fileRef = 7B8B3FFC2517DAC100AAE12D /* R.generated.swift */; };
		7B8B40062517E6F900AAE12D /* CharacterList.storyboard in Resources */ = {isa = PBXBuildFile; fileRef = 7B8B40052517E6F900AAE12D /* CharacterList.storyboard */; };
		7B8B400E2517E71F00AAE12D /* CharacterListViewController.swift in Sources */ = {isa = PBXBuildFile; fileRef = 7B8B400D2517E71F00AAE12D /* CharacterListViewController.swift */; };
		7B8B40132517E74F00AAE12D /* CharacterListPresenter.swift in Sources */ = {isa = PBXBuildFile; fileRef = 7B8B40122517E74F00AAE12D /* CharacterListPresenter.swift */; };
		7B8B40182517E7BA00AAE12D /* CharacterListInteractor.swift in Sources */ = {isa = PBXBuildFile; fileRef = 7B8B40172517E7BA00AAE12D /* CharacterListInteractor.swift */; };
		7B8B401D2517E84100AAE12D /* CharacterListWireframe.swift in Sources */ = {isa = PBXBuildFile; fileRef = 7B8B401C2517E84100AAE12D /* CharacterListWireframe.swift */; };
		7B8B40222517E88600AAE12D /* MarvelDataSourceInterface.swift in Sources */ = {isa = PBXBuildFile; fileRef = 7B8B40212517E88600AAE12D /* MarvelDataSourceInterface.swift */; };
		7BBA6D782516B28D007F826F /* MarvelAPI.swift in Sources */ = {isa = PBXBuildFile; fileRef = 7BBA6D772516B28D007F826F /* MarvelAPI.swift */; };
		7BBA6DA3251769CC007F826F /* MarvelDataSource.swift in Sources */ = {isa = PBXBuildFile; fileRef = 7BBA6DA2251769CC007F826F /* MarvelDataSource.swift */; };
		7BBA6DAC251773F6007F826F /* String+MD5.swift in Sources */ = {isa = PBXBuildFile; fileRef = 7BBA6DAB251773F6007F826F /* String+MD5.swift */; };
		7BBA6DBC25177AD0007F826F /* MarvelDataSourceTests.swift in Sources */ = {isa = PBXBuildFile; fileRef = 7BBA6DBB25177AD0007F826F /* MarvelDataSourceTests.swift */; };
		EA1230286DF57C590C329CC3 /* Pods_marvel_marvelUITests.framework in Frameworks */ = {isa = PBXBuildFile; fileRef = 9A498871BC1EF61BD3085D94 /* Pods_marvel_marvelUITests.framework */; };
/* End PBXBuildFile section */

/* Begin PBXContainerItemProxy section */
		7B2F2CA42516795100D7313D /* PBXContainerItemProxy */ = {
			isa = PBXContainerItemProxy;
			containerPortal = 7B2F2C852516794F00D7313D /* Project object */;
			proxyType = 1;
			remoteGlobalIDString = 7B2F2C8C2516794F00D7313D;
			remoteInfo = marvel;
		};
		7B2F2CAF2516795100D7313D /* PBXContainerItemProxy */ = {
			isa = PBXContainerItemProxy;
			containerPortal = 7B2F2C852516794F00D7313D /* Project object */;
			proxyType = 1;
			remoteGlobalIDString = 7B2F2C8C2516794F00D7313D;
			remoteInfo = marvel;
		};
/* End PBXContainerItemProxy section */

/* Begin PBXFileReference section */
		26A2FDAB5321CF5A65358C7C /* Pods_marvelTests.framework */ = {isa = PBXFileReference; explicitFileType = wrapper.framework; includeInIndex = 0; path = Pods_marvelTests.framework; sourceTree = BUILT_PRODUCTS_DIR; };
		2CAD845D137FE6FC048CEF9A /* Pods-marvel.release.xcconfig */ = {isa = PBXFileReference; includeInIndex = 1; lastKnownFileType = text.xcconfig; name = "Pods-marvel.release.xcconfig"; path = "Target Support Files/Pods-marvel/Pods-marvel.release.xcconfig"; sourceTree = "<group>"; };
		33384D5543E1763745EEA305 /* Pods-marvel.debug.xcconfig */ = {isa = PBXFileReference; includeInIndex = 1; lastKnownFileType = text.xcconfig; name = "Pods-marvel.debug.xcconfig"; path = "Target Support Files/Pods-marvel/Pods-marvel.debug.xcconfig"; sourceTree = "<group>"; };
		7B0A008D919210827FF6F566 /* Pods_marvel.framework */ = {isa = PBXFileReference; explicitFileType = wrapper.framework; includeInIndex = 0; path = Pods_marvel.framework; sourceTree = BUILT_PRODUCTS_DIR; };
		7B17D8F62517B33600EBAD97 /* CharacterInfo.swift */ = {isa = PBXFileReference; lastKnownFileType = sourcecode.swift; path = CharacterInfo.swift; sourceTree = "<group>"; };
		7B17D9162517CBF000EBAD97 /* Characters.json */ = {isa = PBXFileReference; lastKnownFileType = text.json; path = Characters.json; sourceTree = "<group>"; };
		7B2F2C8D2516794F00D7313D /* marvel.app */ = {isa = PBXFileReference; explicitFileType = wrapper.application; includeInIndex = 0; path = marvel.app; sourceTree = BUILT_PRODUCTS_DIR; };
		7B2F2C902516794F00D7313D /* AppDelegate.swift */ = {isa = PBXFileReference; lastKnownFileType = sourcecode.swift; path = AppDelegate.swift; sourceTree = "<group>"; };
		7B2F2C922516794F00D7313D /* SceneDelegate.swift */ = {isa = PBXFileReference; lastKnownFileType = sourcecode.swift; path = SceneDelegate.swift; sourceTree = "<group>"; };
		7B2F2C992516795100D7313D /* Assets.xcassets */ = {isa = PBXFileReference; lastKnownFileType = folder.assetcatalog; path = Assets.xcassets; sourceTree = "<group>"; };
		7B2F2C9C2516795100D7313D /* Base */ = {isa = PBXFileReference; lastKnownFileType = file.storyboard; name = Base; path = Base.lproj/LaunchScreen.storyboard; sourceTree = "<group>"; };
		7B2F2C9E2516795100D7313D /* Info.plist */ = {isa = PBXFileReference; lastKnownFileType = text.plist.xml; path = Info.plist; sourceTree = "<group>"; };
		7B2F2CA32516795100D7313D /* marvelTests.xctest */ = {isa = PBXFileReference; explicitFileType = wrapper.cfbundle; includeInIndex = 0; path = marvelTests.xctest; sourceTree = BUILT_PRODUCTS_DIR; };
		7B2F2CA92516795100D7313D /* Info.plist */ = {isa = PBXFileReference; lastKnownFileType = text.plist.xml; path = Info.plist; sourceTree = "<group>"; };
		7B2F2CAE2516795100D7313D /* marvelUITests.xctest */ = {isa = PBXFileReference; explicitFileType = wrapper.cfbundle; includeInIndex = 0; path = marvelUITests.xctest; sourceTree = BUILT_PRODUCTS_DIR; };
		7B2F2CB22516795100D7313D /* marvelUITests.swift */ = {isa = PBXFileReference; lastKnownFileType = sourcecode.swift; path = marvelUITests.swift; sourceTree = "<group>"; };
		7B2F2CB42516795100D7313D /* Info.plist */ = {isa = PBXFileReference; lastKnownFileType = text.plist.xml; path = Info.plist; sourceTree = "<group>"; };
		7B5F34F3251931FA003C0170 /* CharacterCollectionViewCell.swift */ = {isa = PBXFileReference; lastKnownFileType = sourcecode.swift; path = CharacterCollectionViewCell.swift; sourceTree = "<group>"; };
		7B5F34F4251931FA003C0170 /* CharacterCollectionViewCell.xib */ = {isa = PBXFileReference; lastKnownFileType = file.xib; path = CharacterCollectionViewCell.xib; sourceTree = "<group>"; };
		7B8B3FFC2517DAC100AAE12D /* R.generated.swift */ = {isa = PBXFileReference; fileEncoding = 4; lastKnownFileType = sourcecode.swift; path = R.generated.swift; sourceTree = SOURCE_ROOT; };
		7B8B40052517E6F900AAE12D /* CharacterList.storyboard */ = {isa = PBXFileReference; lastKnownFileType = file.storyboard; path = CharacterList.storyboard; sourceTree = "<group>"; };
		7B8B400D2517E71F00AAE12D /* CharacterListViewController.swift */ = {isa = PBXFileReference; lastKnownFileType = sourcecode.swift; path = CharacterListViewController.swift; sourceTree = "<group>"; };
		7B8B40122517E74F00AAE12D /* CharacterListPresenter.swift */ = {isa = PBXFileReference; lastKnownFileType = sourcecode.swift; path = CharacterListPresenter.swift; sourceTree = "<group>"; };
		7B8B40172517E7BA00AAE12D /* CharacterListInteractor.swift */ = {isa = PBXFileReference; lastKnownFileType = sourcecode.swift; path = CharacterListInteractor.swift; sourceTree = "<group>"; };
		7B8B401C2517E84100AAE12D /* CharacterListWireframe.swift */ = {isa = PBXFileReference; lastKnownFileType = sourcecode.swift; path = CharacterListWireframe.swift; sourceTree = "<group>"; };
		7B8B40212517E88600AAE12D /* MarvelDataSourceInterface.swift */ = {isa = PBXFileReference; lastKnownFileType = sourcecode.swift; path = MarvelDataSourceInterface.swift; sourceTree = "<group>"; };
		7BBA6D772516B28D007F826F /* MarvelAPI.swift */ = {isa = PBXFileReference; lastKnownFileType = sourcecode.swift; path = MarvelAPI.swift; sourceTree = "<group>"; };
		7BBA6DA2251769CC007F826F /* MarvelDataSource.swift */ = {isa = PBXFileReference; lastKnownFileType = sourcecode.swift; path = MarvelDataSource.swift; sourceTree = "<group>"; };
		7BBA6DAB251773F6007F826F /* String+MD5.swift */ = {isa = PBXFileReference; lastKnownFileType = sourcecode.swift; path = "String+MD5.swift"; sourceTree = "<group>"; };
		7BBA6DBB25177AD0007F826F /* MarvelDataSourceTests.swift */ = {isa = PBXFileReference; lastKnownFileType = sourcecode.swift; path = MarvelDataSourceTests.swift; sourceTree = "<group>"; };
		8A4B5F8E1B0ADFFBEE949E00 /* Pods-marvel-marvelUITests.release.xcconfig */ = {isa = PBXFileReference; includeInIndex = 1; lastKnownFileType = text.xcconfig; name = "Pods-marvel-marvelUITests.release.xcconfig"; path = "Target Support Files/Pods-marvel-marvelUITests/Pods-marvel-marvelUITests.release.xcconfig"; sourceTree = "<group>"; };
		9A498871BC1EF61BD3085D94 /* Pods_marvel_marvelUITests.framework */ = {isa = PBXFileReference; explicitFileType = wrapper.framework; includeInIndex = 0; path = Pods_marvel_marvelUITests.framework; sourceTree = BUILT_PRODUCTS_DIR; };
		AFCA32B5895D94110B93AB5B /* Pods-marvelTests.debug.xcconfig */ = {isa = PBXFileReference; includeInIndex = 1; lastKnownFileType = text.xcconfig; name = "Pods-marvelTests.debug.xcconfig"; path = "Target Support Files/Pods-marvelTests/Pods-marvelTests.debug.xcconfig"; sourceTree = "<group>"; };
		B4CAAA6382BDC19D3336EC66 /* Pods-marvelTests.release.xcconfig */ = {isa = PBXFileReference; includeInIndex = 1; lastKnownFileType = text.xcconfig; name = "Pods-marvelTests.release.xcconfig"; path = "Target Support Files/Pods-marvelTests/Pods-marvelTests.release.xcconfig"; sourceTree = "<group>"; };
		E697DD191D01E441EE7B8D44 /* Pods-marvel-marvelUITests.debug.xcconfig */ = {isa = PBXFileReference; includeInIndex = 1; lastKnownFileType = text.xcconfig; name = "Pods-marvel-marvelUITests.debug.xcconfig"; path = "Target Support Files/Pods-marvel-marvelUITests/Pods-marvel-marvelUITests.debug.xcconfig"; sourceTree = "<group>"; };
/* End PBXFileReference section */

/* Begin PBXFrameworksBuildPhase section */
		7B2F2C8A2516794F00D7313D /* Frameworks */ = {
			isa = PBXFrameworksBuildPhase;
			buildActionMask = 2147483647;
			files = (
				3F41BA632950333766591017 /* Pods_marvel.framework in Frameworks */,
			);
			runOnlyForDeploymentPostprocessing = 0;
		};
		7B2F2CA02516795100D7313D /* Frameworks */ = {
			isa = PBXFrameworksBuildPhase;
			buildActionMask = 2147483647;
			files = (
				455668B1DB8CEE7A8EB2A7BF /* Pods_marvelTests.framework in Frameworks */,
			);
			runOnlyForDeploymentPostprocessing = 0;
		};
		7B2F2CAB2516795100D7313D /* Frameworks */ = {
			isa = PBXFrameworksBuildPhase;
			buildActionMask = 2147483647;
			files = (
				EA1230286DF57C590C329CC3 /* Pods_marvel_marvelUITests.framework in Frameworks */,
			);
			runOnlyForDeploymentPostprocessing = 0;
		};
/* End PBXFrameworksBuildPhase section */

/* Begin PBXGroup section */
		6B69FCE528B42B3AE6A16A9A /* Frameworks */ = {
			isa = PBXGroup;
			children = (
				7B0A008D919210827FF6F566 /* Pods_marvel.framework */,
				9A498871BC1EF61BD3085D94 /* Pods_marvel_marvelUITests.framework */,
				26A2FDAB5321CF5A65358C7C /* Pods_marvelTests.framework */,
			);
			name = Frameworks;
			sourceTree = "<group>";
		};
		7B17D8F225178A2B00EBAD97 /* Model */ = {
			isa = PBXGroup;
			children = (
				7B17D8F62517B33600EBAD97 /* CharacterInfo.swift */,
			);
			path = Model;
			sourceTree = "<group>";
		};
		7B17D9152517CBAA00EBAD97 /* Stubbed */ = {
			isa = PBXGroup;
			children = (
				7B17D9162517CBF000EBAD97 /* Characters.json */,
			);
			path = Stubbed;
			sourceTree = "<group>";
		};
		7B2F2C842516794F00D7313D = {
			isa = PBXGroup;
			children = (
				7B2F2C8F2516794F00D7313D /* marvel */,
				7B2F2CA62516795100D7313D /* marvelTests */,
				7B2F2CB12516795100D7313D /* marvelUITests */,
				7B2F2C8E2516794F00D7313D /* Products */,
				DBD197AC3D69420E7FF93B5F /* Pods */,
				6B69FCE528B42B3AE6A16A9A /* Frameworks */,
			);
			sourceTree = "<group>";
		};
		7B2F2C8E2516794F00D7313D /* Products */ = {
			isa = PBXGroup;
			children = (
				7B2F2C8D2516794F00D7313D /* marvel.app */,
				7B2F2CA32516795100D7313D /* marvelTests.xctest */,
				7B2F2CAE2516795100D7313D /* marvelUITests.xctest */,
			);
			name = Products;
			sourceTree = "<group>";
		};
		7B2F2C8F2516794F00D7313D /* marvel */ = {
			isa = PBXGroup;
			children = (
				7BBA6D752516B0EF007F826F /* Common */,
				7BBA6D5725167B9D007F826F /* Module */,
				7BBA6D5325167B2C007F826F /* Resources */,
				7BBA6D4F25167B20007F826F /* Application */,
			);
			path = marvel;
			sourceTree = "<group>";
		};
		7B2F2CA62516795100D7313D /* marvelTests */ = {
			isa = PBXGroup;
			children = (
				7BBA6DB925177A9E007F826F /* Common */,
				7B2F2CA92516795100D7313D /* Info.plist */,
			);
			path = marvelTests;
			sourceTree = "<group>";
		};
		7B2F2CB12516795100D7313D /* marvelUITests */ = {
			isa = PBXGroup;
			children = (
				7B2F2CB22516795100D7313D /* marvelUITests.swift */,
				7B2F2CB42516795100D7313D /* Info.plist */,
			);
			path = marvelUITests;
			sourceTree = "<group>";
		};
		7B5F34F2251931C0003C0170 /* Cell */ = {
			isa = PBXGroup;
			children = (
				7B5F34F3251931FA003C0170 /* CharacterCollectionViewCell.swift */,
				7B5F34F4251931FA003C0170 /* CharacterCollectionViewCell.xib */,
			);
			path = Cell;
			sourceTree = "<group>";
		};
		7B8B40042517E5E600AAE12D /* Character */ = {
			isa = PBXGroup;
			children = (
				7B5F34F2251931C0003C0170 /* Cell */,
				7B8B40052517E6F900AAE12D /* CharacterList.storyboard */,
				7B8B400D2517E71F00AAE12D /* CharacterListViewController.swift */,
				7B8B40122517E74F00AAE12D /* CharacterListPresenter.swift */,
				7B8B401C2517E84100AAE12D /* CharacterListWireframe.swift */,
				7B8B40172517E7BA00AAE12D /* CharacterListInteractor.swift */,
			);
			path = Character;
			sourceTree = "<group>";
		};
		7BBA6D4F25167B20007F826F /* Application */ = {
			isa = PBXGroup;
			children = (
				7B2F2C902516794F00D7313D /* AppDelegate.swift */,
				7B2F2C922516794F00D7313D /* SceneDelegate.swift */,
			);
			path = Application;
			sourceTree = "<group>";
		};
		7BBA6D5325167B2C007F826F /* Resources */ = {
			isa = PBXGroup;
			children = (
				7B2F2C992516795100D7313D /* Assets.xcassets */,
				7B2F2C9B2516795100D7313D /* LaunchScreen.storyboard */,
				7B8B3FFC2517DAC100AAE12D /* R.generated.swift */,
				7B2F2C9E2516795100D7313D /* Info.plist */,
			);
			path = Resources;
			sourceTree = "<group>";
		};
		7BBA6D5725167B9D007F826F /* Module */ = {
			isa = PBXGroup;
			children = (
				7B8B40042517E5E600AAE12D /* Character */,
			);
			path = Module;
			sourceTree = "<group>";
		};
		7BBA6D752516B0EF007F826F /* Common */ = {
			isa = PBXGroup;
			children = (
				7B17D8F225178A2B00EBAD97 /* Model */,
				7BBA6DAA251773C8007F826F /* Extensions */,
				7BBA6DA125173911007F826F /* DataSource */,
				7BBA6D762516B1B1007F826F /* API */,
			);
			path = Common;
			sourceTree = "<group>";
		};
		7BBA6D762516B1B1007F826F /* API */ = {
			isa = PBXGroup;
			children = (
				7B17D9152517CBAA00EBAD97 /* Stubbed */,
				7BBA6D772516B28D007F826F /* MarvelAPI.swift */,
			);
			path = API;
			sourceTree = "<group>";
		};
		7BBA6DA125173911007F826F /* DataSource */ = {
			isa = PBXGroup;
			children = (
				7BBA6DA2251769CC007F826F /* MarvelDataSource.swift */,
				7B8B40212517E88600AAE12D /* MarvelDataSourceInterface.swift */,
			);
			path = DataSource;
			sourceTree = "<group>";
		};
		7BBA6DAA251773C8007F826F /* Extensions */ = {
			isa = PBXGroup;
			children = (
				7BBA6DAB251773F6007F826F /* String+MD5.swift */,
			);
			path = Extensions;
			sourceTree = "<group>";
		};
		7BBA6DB925177A9E007F826F /* Common */ = {
			isa = PBXGroup;
			children = (
				7BBA6DBA25177AA6007F826F /* DataSource */,
			);
			path = Common;
			sourceTree = "<group>";
		};
		7BBA6DBA25177AA6007F826F /* DataSource */ = {
			isa = PBXGroup;
			children = (
				7BBA6DBB25177AD0007F826F /* MarvelDataSourceTests.swift */,
			);
			path = DataSource;
			sourceTree = "<group>";
		};
		DBD197AC3D69420E7FF93B5F /* Pods */ = {
			isa = PBXGroup;
			children = (
				33384D5543E1763745EEA305 /* Pods-marvel.debug.xcconfig */,
				2CAD845D137FE6FC048CEF9A /* Pods-marvel.release.xcconfig */,
				E697DD191D01E441EE7B8D44 /* Pods-marvel-marvelUITests.debug.xcconfig */,
				8A4B5F8E1B0ADFFBEE949E00 /* Pods-marvel-marvelUITests.release.xcconfig */,
				AFCA32B5895D94110B93AB5B /* Pods-marvelTests.debug.xcconfig */,
				B4CAAA6382BDC19D3336EC66 /* Pods-marvelTests.release.xcconfig */,
			);
			path = Pods;
			sourceTree = "<group>";
		};
/* End PBXGroup section */

/* Begin PBXNativeTarget section */
		7B2F2C8C2516794F00D7313D /* marvel */ = {
			isa = PBXNativeTarget;
			buildConfigurationList = 7B2F2CB72516795100D7313D /* Build configuration list for PBXNativeTarget "marvel" */;
			buildPhases = (
				65F5F2CAF06F22E46DF6D463 /* [CP] Check Pods Manifest.lock */,
				7B8B3FF82517D98E00AAE12D /* ShellScript */,
				7B2F2C892516794F00D7313D /* Sources */,
				7B2F2C8A2516794F00D7313D /* Frameworks */,
				7B2F2C8B2516794F00D7313D /* Resources */,
				09CFD05DD9F55C2A181DAD2B /* [CP] Embed Pods Frameworks */,
			);
			buildRules = (
			);
			dependencies = (
			);
			name = marvel;
			productName = marvel;
			productReference = 7B2F2C8D2516794F00D7313D /* marvel.app */;
			productType = "com.apple.product-type.application";
		};
		7B2F2CA22516795100D7313D /* marvelTests */ = {
			isa = PBXNativeTarget;
			buildConfigurationList = 7B2F2CBA2516795100D7313D /* Build configuration list for PBXNativeTarget "marvelTests" */;
			buildPhases = (
				0C3F7BE2D5D78DBF59D4F905 /* [CP] Check Pods Manifest.lock */,
				7B2F2C9F2516795100D7313D /* Sources */,
				7B2F2CA02516795100D7313D /* Frameworks */,
				7B2F2CA12516795100D7313D /* Resources */,
				4C2BD05B14BE0F4300DD5701 /* [CP] Embed Pods Frameworks */,
			);
			buildRules = (
			);
			dependencies = (
				7B2F2CA52516795100D7313D /* PBXTargetDependency */,
			);
			name = marvelTests;
			productName = marvelTests;
			productReference = 7B2F2CA32516795100D7313D /* marvelTests.xctest */;
			productType = "com.apple.product-type.bundle.unit-test";
		};
		7B2F2CAD2516795100D7313D /* marvelUITests */ = {
			isa = PBXNativeTarget;
			buildConfigurationList = 7B2F2CBD2516795100D7313D /* Build configuration list for PBXNativeTarget "marvelUITests" */;
			buildPhases = (
				F98A4C6E030557BDF137819D /* [CP] Check Pods Manifest.lock */,
				7B2F2CAA2516795100D7313D /* Sources */,
				7B2F2CAB2516795100D7313D /* Frameworks */,
				7B2F2CAC2516795100D7313D /* Resources */,
				B9382C35939ABB1C1680D42F /* [CP] Embed Pods Frameworks */,
			);
			buildRules = (
			);
			dependencies = (
				7B2F2CB02516795100D7313D /* PBXTargetDependency */,
			);
			name = marvelUITests;
			productName = marvelUITests;
			productReference = 7B2F2CAE2516795100D7313D /* marvelUITests.xctest */;
			productType = "com.apple.product-type.bundle.ui-testing";
		};
/* End PBXNativeTarget section */

/* Begin PBXProject section */
		7B2F2C852516794F00D7313D /* Project object */ = {
			isa = PBXProject;
			attributes = {
				LastSwiftUpdateCheck = 1200;
				LastUpgradeCheck = 1200;
				TargetAttributes = {
					7B2F2C8C2516794F00D7313D = {
						CreatedOnToolsVersion = 12.0;
					};
					7B2F2CA22516795100D7313D = {
						CreatedOnToolsVersion = 12.0;
						TestTargetID = 7B2F2C8C2516794F00D7313D;
					};
					7B2F2CAD2516795100D7313D = {
						CreatedOnToolsVersion = 12.0;
						TestTargetID = 7B2F2C8C2516794F00D7313D;
					};
				};
			};
			buildConfigurationList = 7B2F2C882516794F00D7313D /* Build configuration list for PBXProject "marvel" */;
			compatibilityVersion = "Xcode 9.3";
			developmentRegion = en;
			hasScannedForEncodings = 0;
			knownRegions = (
				en,
				Base,
			);
			mainGroup = 7B2F2C842516794F00D7313D;
			productRefGroup = 7B2F2C8E2516794F00D7313D /* Products */;
			projectDirPath = "";
			projectRoot = "";
			targets = (
				7B2F2C8C2516794F00D7313D /* marvel */,
				7B2F2CA22516795100D7313D /* marvelTests */,
				7B2F2CAD2516795100D7313D /* marvelUITests */,
			);
		};
/* End PBXProject section */

/* Begin PBXResourcesBuildPhase section */
		7B2F2C8B2516794F00D7313D /* Resources */ = {
			isa = PBXResourcesBuildPhase;
			buildActionMask = 2147483647;
			files = (
				7B2F2C9D2516795100D7313D /* LaunchScreen.storyboard in Resources */,
				7B2F2C9A2516795100D7313D /* Assets.xcassets in Resources */,
				7B8B40062517E6F900AAE12D /* CharacterList.storyboard in Resources */,
				7B5F34F6251931FA003C0170 /* CharacterCollectionViewCell.xib in Resources */,
				7B17D9172517CBF000EBAD97 /* Characters.json in Resources */,
			);
			runOnlyForDeploymentPostprocessing = 0;
		};
		7B2F2CA12516795100D7313D /* Resources */ = {
			isa = PBXResourcesBuildPhase;
			buildActionMask = 2147483647;
			files = (
				7B17D91E2517CD4E00EBAD97 /* Characters.json in Resources */,
			);
			runOnlyForDeploymentPostprocessing = 0;
		};
		7B2F2CAC2516795100D7313D /* Resources */ = {
			isa = PBXResourcesBuildPhase;
			buildActionMask = 2147483647;
			files = (
			);
			runOnlyForDeploymentPostprocessing = 0;
		};
/* End PBXResourcesBuildPhase section */

/* Begin PBXShellScriptBuildPhase section */
		09CFD05DD9F55C2A181DAD2B /* [CP] Embed Pods Frameworks */ = {
			isa = PBXShellScriptBuildPhase;
			buildActionMask = 2147483647;
			files = (
			);
			inputFileListPaths = (
				"${PODS_ROOT}/Target Support Files/Pods-marvel/Pods-marvel-frameworks-${CONFIGURATION}-input-files.xcfilelist",
			);
			name = "[CP] Embed Pods Frameworks";
			outputFileListPaths = (
				"${PODS_ROOT}/Target Support Files/Pods-marvel/Pods-marvel-frameworks-${CONFIGURATION}-output-files.xcfilelist",
			);
			runOnlyForDeploymentPostprocessing = 0;
			shellPath = /bin/sh;
			shellScript = "\"${PODS_ROOT}/Target Support Files/Pods-marvel/Pods-marvel-frameworks.sh\"\n";
			showEnvVarsInLog = 0;
		};
		0C3F7BE2D5D78DBF59D4F905 /* [CP] Check Pods Manifest.lock */ = {
			isa = PBXShellScriptBuildPhase;
			buildActionMask = 2147483647;
			files = (
			);
			inputFileListPaths = (
			);
			inputPaths = (
				"${PODS_PODFILE_DIR_PATH}/Podfile.lock",
				"${PODS_ROOT}/Manifest.lock",
			);
			name = "[CP] Check Pods Manifest.lock";
			outputFileListPaths = (
			);
			outputPaths = (
				"$(DERIVED_FILE_DIR)/Pods-marvelTests-checkManifestLockResult.txt",
			);
			runOnlyForDeploymentPostprocessing = 0;
			shellPath = /bin/sh;
			shellScript = "diff \"${PODS_PODFILE_DIR_PATH}/Podfile.lock\" \"${PODS_ROOT}/Manifest.lock\" > /dev/null\nif [ $? != 0 ] ; then\n    # print error to STDERR\n    echo \"error: The sandbox is not in sync with the Podfile.lock. Run 'pod install' or update your CocoaPods installation.\" >&2\n    exit 1\nfi\n# This output is used by Xcode 'outputs' to avoid re-running this script phase.\necho \"SUCCESS\" > \"${SCRIPT_OUTPUT_FILE_0}\"\n";
			showEnvVarsInLog = 0;
		};
		4C2BD05B14BE0F4300DD5701 /* [CP] Embed Pods Frameworks */ = {
			isa = PBXShellScriptBuildPhase;
			buildActionMask = 2147483647;
			files = (
			);
			inputFileListPaths = (
				"${PODS_ROOT}/Target Support Files/Pods-marvelTests/Pods-marvelTests-frameworks-${CONFIGURATION}-input-files.xcfilelist",
			);
			name = "[CP] Embed Pods Frameworks";
			outputFileListPaths = (
				"${PODS_ROOT}/Target Support Files/Pods-marvelTests/Pods-marvelTests-frameworks-${CONFIGURATION}-output-files.xcfilelist",
			);
			runOnlyForDeploymentPostprocessing = 0;
			shellPath = /bin/sh;
			shellScript = "\"${PODS_ROOT}/Target Support Files/Pods-marvelTests/Pods-marvelTests-frameworks.sh\"\n";
			showEnvVarsInLog = 0;
		};
		65F5F2CAF06F22E46DF6D463 /* [CP] Check Pods Manifest.lock */ = {
			isa = PBXShellScriptBuildPhase;
			buildActionMask = 2147483647;
			files = (
			);
			inputFileListPaths = (
			);
			inputPaths = (
				"${PODS_PODFILE_DIR_PATH}/Podfile.lock",
				"${PODS_ROOT}/Manifest.lock",
			);
			name = "[CP] Check Pods Manifest.lock";
			outputFileListPaths = (
			);
			outputPaths = (
				"$(DERIVED_FILE_DIR)/Pods-marvel-checkManifestLockResult.txt",
			);
			runOnlyForDeploymentPostprocessing = 0;
			shellPath = /bin/sh;
			shellScript = "diff \"${PODS_PODFILE_DIR_PATH}/Podfile.lock\" \"${PODS_ROOT}/Manifest.lock\" > /dev/null\nif [ $? != 0 ] ; then\n    # print error to STDERR\n    echo \"error: The sandbox is not in sync with the Podfile.lock. Run 'pod install' or update your CocoaPods installation.\" >&2\n    exit 1\nfi\n# This output is used by Xcode 'outputs' to avoid re-running this script phase.\necho \"SUCCESS\" > \"${SCRIPT_OUTPUT_FILE_0}\"\n";
			showEnvVarsInLog = 0;
		};
		7B8B3FF82517D98E00AAE12D /* ShellScript */ = {
			isa = PBXShellScriptBuildPhase;
			buildActionMask = 2147483647;
			files = (
			);
			inputFileListPaths = (
			);
			inputPaths = (
				"$TEMP_DIR/rswift-lastrun",
			);
			outputFileListPaths = (
			);
			outputPaths = (
				$SRCROOT/R.generated.swift,
			);
			runOnlyForDeploymentPostprocessing = 0;
			shellPath = /bin/sh;
			shellScript = "\"$PODS_ROOT/R.swift/rswift\" generate \"$SRCROOT/R.generated.swift\"\n";
		};
		B9382C35939ABB1C1680D42F /* [CP] Embed Pods Frameworks */ = {
			isa = PBXShellScriptBuildPhase;
			buildActionMask = 2147483647;
			files = (
			);
			inputFileListPaths = (
				"${PODS_ROOT}/Target Support Files/Pods-marvel-marvelUITests/Pods-marvel-marvelUITests-frameworks-${CONFIGURATION}-input-files.xcfilelist",
			);
			name = "[CP] Embed Pods Frameworks";
			outputFileListPaths = (
				"${PODS_ROOT}/Target Support Files/Pods-marvel-marvelUITests/Pods-marvel-marvelUITests-frameworks-${CONFIGURATION}-output-files.xcfilelist",
			);
			runOnlyForDeploymentPostprocessing = 0;
			shellPath = /bin/sh;
			shellScript = "\"${PODS_ROOT}/Target Support Files/Pods-marvel-marvelUITests/Pods-marvel-marvelUITests-frameworks.sh\"\n";
			showEnvVarsInLog = 0;
		};
		F98A4C6E030557BDF137819D /* [CP] Check Pods Manifest.lock */ = {
			isa = PBXShellScriptBuildPhase;
			buildActionMask = 2147483647;
			files = (
			);
			inputFileListPaths = (
			);
			inputPaths = (
				"${PODS_PODFILE_DIR_PATH}/Podfile.lock",
				"${PODS_ROOT}/Manifest.lock",
			);
			name = "[CP] Check Pods Manifest.lock";
			outputFileListPaths = (
			);
			outputPaths = (
				"$(DERIVED_FILE_DIR)/Pods-marvel-marvelUITests-checkManifestLockResult.txt",
			);
			runOnlyForDeploymentPostprocessing = 0;
			shellPath = /bin/sh;
			shellScript = "diff \"${PODS_PODFILE_DIR_PATH}/Podfile.lock\" \"${PODS_ROOT}/Manifest.lock\" > /dev/null\nif [ $? != 0 ] ; then\n    # print error to STDERR\n    echo \"error: The sandbox is not in sync with the Podfile.lock. Run 'pod install' or update your CocoaPods installation.\" >&2\n    exit 1\nfi\n# This output is used by Xcode 'outputs' to avoid re-running this script phase.\necho \"SUCCESS\" > \"${SCRIPT_OUTPUT_FILE_0}\"\n";
			showEnvVarsInLog = 0;
		};
/* End PBXShellScriptBuildPhase section */

/* Begin PBXSourcesBuildPhase section */
		7B2F2C892516794F00D7313D /* Sources */ = {
			isa = PBXSourcesBuildPhase;
			buildActionMask = 2147483647;
			files = (
				7B8B40222517E88600AAE12D /* MarvelDataSourceInterface.swift in Sources */,
				7B17D8F72517B33600EBAD97 /* CharacterInfo.swift in Sources */,
				7BBA6DA3251769CC007F826F /* MarvelDataSource.swift in Sources */,
				7BBA6DAC251773F6007F826F /* String+MD5.swift in Sources */,
				7B8B3FFD2517DAC100AAE12D /* R.generated.swift in Sources */,
				7B8B400E2517E71F00AAE12D /* CharacterListViewController.swift in Sources */,
				7B5F34F5251931FA003C0170 /* CharacterCollectionViewCell.swift in Sources */,
				7B8B40182517E7BA00AAE12D /* CharacterListInteractor.swift in Sources */,
				7B8B40132517E74F00AAE12D /* CharacterListPresenter.swift in Sources */,
				7B2F2C912516794F00D7313D /* AppDelegate.swift in Sources */,
				7B2F2C932516794F00D7313D /* SceneDelegate.swift in Sources */,
				7B8B401D2517E84100AAE12D /* CharacterListWireframe.swift in Sources */,
				7BBA6D782516B28D007F826F /* MarvelAPI.swift in Sources */,
			);
			runOnlyForDeploymentPostprocessing = 0;
		};
		7B2F2C9F2516795100D7313D /* Sources */ = {
			isa = PBXSourcesBuildPhase;
			buildActionMask = 2147483647;
			files = (
				7BBA6DBC25177AD0007F826F /* MarvelDataSourceTests.swift in Sources */,
			);
			runOnlyForDeploymentPostprocessing = 0;
		};
		7B2F2CAA2516795100D7313D /* Sources */ = {
			isa = PBXSourcesBuildPhase;
			buildActionMask = 2147483647;
			files = (
				7B2F2CB32516795100D7313D /* marvelUITests.swift in Sources */,
			);
			runOnlyForDeploymentPostprocessing = 0;
		};
/* End PBXSourcesBuildPhase section */

/* Begin PBXTargetDependency section */
		7B2F2CA52516795100D7313D /* PBXTargetDependency */ = {
			isa = PBXTargetDependency;
			target = 7B2F2C8C2516794F00D7313D /* marvel */;
			targetProxy = 7B2F2CA42516795100D7313D /* PBXContainerItemProxy */;
		};
		7B2F2CB02516795100D7313D /* PBXTargetDependency */ = {
			isa = PBXTargetDependency;
			target = 7B2F2C8C2516794F00D7313D /* marvel */;
			targetProxy = 7B2F2CAF2516795100D7313D /* PBXContainerItemProxy */;
		};
/* End PBXTargetDependency section */

/* Begin PBXVariantGroup section */
		7B2F2C9B2516795100D7313D /* LaunchScreen.storyboard */ = {
			isa = PBXVariantGroup;
			children = (
				7B2F2C9C2516795100D7313D /* Base */,
			);
			name = LaunchScreen.storyboard;
			sourceTree = "<group>";
		};
/* End PBXVariantGroup section */

/* Begin XCBuildConfiguration section */
		7B2F2CB52516795100D7313D /* Debug */ = {
			isa = XCBuildConfiguration;
			buildSettings = {
				ALWAYS_SEARCH_USER_PATHS = NO;
				CLANG_ANALYZER_NONNULL = YES;
				CLANG_ANALYZER_NUMBER_OBJECT_CONVERSION = YES_AGGRESSIVE;
				CLANG_CXX_LANGUAGE_STANDARD = "gnu++14";
				CLANG_CXX_LIBRARY = "libc++";
				CLANG_ENABLE_MODULES = YES;
				CLANG_ENABLE_OBJC_ARC = YES;
				CLANG_ENABLE_OBJC_WEAK = YES;
				CLANG_WARN_BLOCK_CAPTURE_AUTORELEASING = YES;
				CLANG_WARN_BOOL_CONVERSION = YES;
				CLANG_WARN_COMMA = YES;
				CLANG_WARN_CONSTANT_CONVERSION = YES;
				CLANG_WARN_DEPRECATED_OBJC_IMPLEMENTATIONS = YES;
				CLANG_WARN_DIRECT_OBJC_ISA_USAGE = YES_ERROR;
				CLANG_WARN_DOCUMENTATION_COMMENTS = YES;
				CLANG_WARN_EMPTY_BODY = YES;
				CLANG_WARN_ENUM_CONVERSION = YES;
				CLANG_WARN_INFINITE_RECURSION = YES;
				CLANG_WARN_INT_CONVERSION = YES;
				CLANG_WARN_NON_LITERAL_NULL_CONVERSION = YES;
				CLANG_WARN_OBJC_IMPLICIT_RETAIN_SELF = YES;
				CLANG_WARN_OBJC_LITERAL_CONVERSION = YES;
				CLANG_WARN_OBJC_ROOT_CLASS = YES_ERROR;
				CLANG_WARN_QUOTED_INCLUDE_IN_FRAMEWORK_HEADER = YES;
				CLANG_WARN_RANGE_LOOP_ANALYSIS = YES;
				CLANG_WARN_STRICT_PROTOTYPES = YES;
				CLANG_WARN_SUSPICIOUS_MOVE = YES;
				CLANG_WARN_UNGUARDED_AVAILABILITY = YES_AGGRESSIVE;
				CLANG_WARN_UNREACHABLE_CODE = YES;
				CLANG_WARN__DUPLICATE_METHOD_MATCH = YES;
				COPY_PHASE_STRIP = NO;
				DEBUG_INFORMATION_FORMAT = dwarf;
				ENABLE_STRICT_OBJC_MSGSEND = YES;
				ENABLE_TESTABILITY = YES;
				GCC_C_LANGUAGE_STANDARD = gnu11;
				GCC_DYNAMIC_NO_PIC = NO;
				GCC_NO_COMMON_BLOCKS = YES;
				GCC_OPTIMIZATION_LEVEL = 0;
				GCC_PREPROCESSOR_DEFINITIONS = (
					"DEBUG=1",
					"$(inherited)",
				);
				GCC_WARN_64_TO_32_BIT_CONVERSION = YES;
				GCC_WARN_ABOUT_RETURN_TYPE = YES_ERROR;
				GCC_WARN_UNDECLARED_SELECTOR = YES;
				GCC_WARN_UNINITIALIZED_AUTOS = YES_AGGRESSIVE;
				GCC_WARN_UNUSED_FUNCTION = YES;
				GCC_WARN_UNUSED_VARIABLE = YES;
				IPHONEOS_DEPLOYMENT_TARGET = 14.0;
				MTL_ENABLE_DEBUG_INFO = INCLUDE_SOURCE;
				MTL_FAST_MATH = YES;
				ONLY_ACTIVE_ARCH = YES;
				SDKROOT = iphoneos;
				SWIFT_ACTIVE_COMPILATION_CONDITIONS = DEBUG;
				SWIFT_OPTIMIZATION_LEVEL = "-Onone";
			};
			name = Debug;
		};
		7B2F2CB62516795100D7313D /* Release */ = {
			isa = XCBuildConfiguration;
			buildSettings = {
				ALWAYS_SEARCH_USER_PATHS = NO;
				CLANG_ANALYZER_NONNULL = YES;
				CLANG_ANALYZER_NUMBER_OBJECT_CONVERSION = YES_AGGRESSIVE;
				CLANG_CXX_LANGUAGE_STANDARD = "gnu++14";
				CLANG_CXX_LIBRARY = "libc++";
				CLANG_ENABLE_MODULES = YES;
				CLANG_ENABLE_OBJC_ARC = YES;
				CLANG_ENABLE_OBJC_WEAK = YES;
				CLANG_WARN_BLOCK_CAPTURE_AUTORELEASING = YES;
				CLANG_WARN_BOOL_CONVERSION = YES;
				CLANG_WARN_COMMA = YES;
				CLANG_WARN_CONSTANT_CONVERSION = YES;
				CLANG_WARN_DEPRECATED_OBJC_IMPLEMENTATIONS = YES;
				CLANG_WARN_DIRECT_OBJC_ISA_USAGE = YES_ERROR;
				CLANG_WARN_DOCUMENTATION_COMMENTS = YES;
				CLANG_WARN_EMPTY_BODY = YES;
				CLANG_WARN_ENUM_CONVERSION = YES;
				CLANG_WARN_INFINITE_RECURSION = YES;
				CLANG_WARN_INT_CONVERSION = YES;
				CLANG_WARN_NON_LITERAL_NULL_CONVERSION = YES;
				CLANG_WARN_OBJC_IMPLICIT_RETAIN_SELF = YES;
				CLANG_WARN_OBJC_LITERAL_CONVERSION = YES;
				CLANG_WARN_OBJC_ROOT_CLASS = YES_ERROR;
				CLANG_WARN_QUOTED_INCLUDE_IN_FRAMEWORK_HEADER = YES;
				CLANG_WARN_RANGE_LOOP_ANALYSIS = YES;
				CLANG_WARN_STRICT_PROTOTYPES = YES;
				CLANG_WARN_SUSPICIOUS_MOVE = YES;
				CLANG_WARN_UNGUARDED_AVAILABILITY = YES_AGGRESSIVE;
				CLANG_WARN_UNREACHABLE_CODE = YES;
				CLANG_WARN__DUPLICATE_METHOD_MATCH = YES;
				COPY_PHASE_STRIP = NO;
				DEBUG_INFORMATION_FORMAT = "dwarf-with-dsym";
				ENABLE_NS_ASSERTIONS = NO;
				ENABLE_STRICT_OBJC_MSGSEND = YES;
				GCC_C_LANGUAGE_STANDARD = gnu11;
				GCC_NO_COMMON_BLOCKS = YES;
				GCC_WARN_64_TO_32_BIT_CONVERSION = YES;
				GCC_WARN_ABOUT_RETURN_TYPE = YES_ERROR;
				GCC_WARN_UNDECLARED_SELECTOR = YES;
				GCC_WARN_UNINITIALIZED_AUTOS = YES_AGGRESSIVE;
				GCC_WARN_UNUSED_FUNCTION = YES;
				GCC_WARN_UNUSED_VARIABLE = YES;
				IPHONEOS_DEPLOYMENT_TARGET = 14.0;
				MTL_ENABLE_DEBUG_INFO = NO;
				MTL_FAST_MATH = YES;
				SDKROOT = iphoneos;
				SWIFT_COMPILATION_MODE = wholemodule;
				SWIFT_OPTIMIZATION_LEVEL = "-O";
				VALIDATE_PRODUCT = YES;
			};
			name = Release;
		};
		7B2F2CB82516795100D7313D /* Debug */ = {
			isa = XCBuildConfiguration;
			baseConfigurationReference = 33384D5543E1763745EEA305 /* Pods-marvel.debug.xcconfig */;
			buildSettings = {
				ALWAYS_EMBED_SWIFT_STANDARD_LIBRARIES = "$(inherited)";
				ASSETCATALOG_COMPILER_APPICON_NAME = AppIcon;
				ASSETCATALOG_COMPILER_GLOBAL_ACCENT_COLOR_NAME = AccentColor;
				CODE_SIGN_STYLE = Automatic;
				DEVELOPMENT_TEAM = 3PRDBAKB2S;
				INFOPLIST_FILE = marvel/Resources/Info.plist;
				LD_RUNPATH_SEARCH_PATHS = (
					"$(inherited)",
					"@executable_path/Frameworks",
				);
				PRODUCT_BUNDLE_IDENTIFIER = com.dagarcia.marvel;
				PRODUCT_NAME = "$(TARGET_NAME)";
				SWIFT_VERSION = 5.0;
				TARGETED_DEVICE_FAMILY = "1,2";
			};
			name = Debug;
		};
		7B2F2CB92516795100D7313D /* Release */ = {
			isa = XCBuildConfiguration;
			baseConfigurationReference = 2CAD845D137FE6FC048CEF9A /* Pods-marvel.release.xcconfig */;
			buildSettings = {
				ALWAYS_EMBED_SWIFT_STANDARD_LIBRARIES = "$(inherited)";
				ASSETCATALOG_COMPILER_APPICON_NAME = AppIcon;
				ASSETCATALOG_COMPILER_GLOBAL_ACCENT_COLOR_NAME = AccentColor;
				CODE_SIGN_STYLE = Automatic;
				DEVELOPMENT_TEAM = 3PRDBAKB2S;
				INFOPLIST_FILE = marvel/Resources/Info.plist;
				LD_RUNPATH_SEARCH_PATHS = (
					"$(inherited)",
					"@executable_path/Frameworks",
				);
				PRODUCT_BUNDLE_IDENTIFIER = com.dagarcia.marvel;
				PRODUCT_NAME = "$(TARGET_NAME)";
				SWIFT_VERSION = 5.0;
				TARGETED_DEVICE_FAMILY = "1,2";
			};
			name = Release;
		};
		7B2F2CBB2516795100D7313D /* Debug */ = {
			isa = XCBuildConfiguration;
			baseConfigurationReference = AFCA32B5895D94110B93AB5B /* Pods-marvelTests.debug.xcconfig */;
			buildSettings = {
				ALWAYS_EMBED_SWIFT_STANDARD_LIBRARIES = "$(inherited)";
				BUNDLE_LOADER = "$(TEST_HOST)";
				CODE_SIGN_STYLE = Automatic;
				DEVELOPMENT_TEAM = 3PRDBAKB2S;
				INFOPLIST_FILE = marvelTests/Info.plist;
				IPHONEOS_DEPLOYMENT_TARGET = 14.0;
				LD_RUNPATH_SEARCH_PATHS = (
					"$(inherited)",
					"@executable_path/Frameworks",
					"@loader_path/Frameworks",
				);
				PRODUCT_BUNDLE_IDENTIFIER = com.dagarcia.marvelTests;
				PRODUCT_NAME = "$(TARGET_NAME)";
				SWIFT_VERSION = 5.0;
				TARGETED_DEVICE_FAMILY = "1,2";
				TEST_HOST = "$(BUILT_PRODUCTS_DIR)/marvel.app/marvel";
			};
			name = Debug;
		};
		7B2F2CBC2516795100D7313D /* Release */ = {
			isa = XCBuildConfiguration;
			baseConfigurationReference = B4CAAA6382BDC19D3336EC66 /* Pods-marvelTests.release.xcconfig */;
			buildSettings = {
				ALWAYS_EMBED_SWIFT_STANDARD_LIBRARIES = "$(inherited)";
				BUNDLE_LOADER = "$(TEST_HOST)";
				CODE_SIGN_STYLE = Automatic;
				DEVELOPMENT_TEAM = 3PRDBAKB2S;
				INFOPLIST_FILE = marvelTests/Info.plist;
				IPHONEOS_DEPLOYMENT_TARGET = 14.0;
				LD_RUNPATH_SEARCH_PATHS = (
					"$(inherited)",
					"@executable_path/Frameworks",
					"@loader_path/Frameworks",
				);
				PRODUCT_BUNDLE_IDENTIFIER = com.dagarcia.marvelTests;
				PRODUCT_NAME = "$(TARGET_NAME)";
				SWIFT_VERSION = 5.0;
				TARGETED_DEVICE_FAMILY = "1,2";
				TEST_HOST = "$(BUILT_PRODUCTS_DIR)/marvel.app/marvel";
			};
			name = Release;
		};
		7B2F2CBE2516795100D7313D /* Debug */ = {
			isa = XCBuildConfiguration;
			baseConfigurationReference = E697DD191D01E441EE7B8D44 /* Pods-marvel-marvelUITests.debug.xcconfig */;
			buildSettings = {
				ALWAYS_EMBED_SWIFT_STANDARD_LIBRARIES = "$(inherited)";
				CODE_SIGN_STYLE = Automatic;
				DEVELOPMENT_TEAM = 3PRDBAKB2S;
				INFOPLIST_FILE = marvelUITests/Info.plist;
				LD_RUNPATH_SEARCH_PATHS = (
					"$(inherited)",
					"@executable_path/Frameworks",
					"@loader_path/Frameworks",
				);
				PRODUCT_BUNDLE_IDENTIFIER = com.dagarcia.marvelUITests;
				PRODUCT_NAME = "$(TARGET_NAME)";
				SWIFT_VERSION = 5.0;
				TARGETED_DEVICE_FAMILY = "1,2";
				TEST_TARGET_NAME = marvel;
			};
			name = Debug;
		};
		7B2F2CBF2516795100D7313D /* Release */ = {
			isa = XCBuildConfiguration;
			baseConfigurationReference = 8A4B5F8E1B0ADFFBEE949E00 /* Pods-marvel-marvelUITests.release.xcconfig */;
			buildSettings = {
				ALWAYS_EMBED_SWIFT_STANDARD_LIBRARIES = "$(inherited)";
				CODE_SIGN_STYLE = Automatic;
				DEVELOPMENT_TEAM = 3PRDBAKB2S;
				INFOPLIST_FILE = marvelUITests/Info.plist;
				LD_RUNPATH_SEARCH_PATHS = (
					"$(inherited)",
					"@executable_path/Frameworks",
					"@loader_path/Frameworks",
				);
				PRODUCT_BUNDLE_IDENTIFIER = com.dagarcia.marvelUITests;
				PRODUCT_NAME = "$(TARGET_NAME)";
				SWIFT_VERSION = 5.0;
				TARGETED_DEVICE_FAMILY = "1,2";
				TEST_TARGET_NAME = marvel;
			};
			name = Release;
		};
/* End XCBuildConfiguration section */

/* Begin XCConfigurationList section */
		7B2F2C882516794F00D7313D /* Build configuration list for PBXProject "marvel" */ = {
			isa = XCConfigurationList;
			buildConfigurations = (
				7B2F2CB52516795100D7313D /* Debug */,
				7B2F2CB62516795100D7313D /* Release */,
			);
			defaultConfigurationIsVisible = 0;
			defaultConfigurationName = Release;
		};
		7B2F2CB72516795100D7313D /* Build configuration list for PBXNativeTarget "marvel" */ = {
			isa = XCConfigurationList;
			buildConfigurations = (
				7B2F2CB82516795100D7313D /* Debug */,
				7B2F2CB92516795100D7313D /* Release */,
			);
			defaultConfigurationIsVisible = 0;
			defaultConfigurationName = Release;
		};
		7B2F2CBA2516795100D7313D /* Build configuration list for PBXNativeTarget "marvelTests" */ = {
			isa = XCConfigurationList;
			buildConfigurations = (
				7B2F2CBB2516795100D7313D /* Debug */,
				7B2F2CBC2516795100D7313D /* Release */,
			);
			defaultConfigurationIsVisible = 0;
			defaultConfigurationName = Release;
		};
		7B2F2CBD2516795100D7313D /* Build configuration list for PBXNativeTarget "marvelUITests" */ = {
			isa = XCConfigurationList;
			buildConfigurations = (
				7B2F2CBE2516795100D7313D /* Debug */,
				7B2F2CBF2516795100D7313D /* Release */,
			);
			defaultConfigurationIsVisible = 0;
			defaultConfigurationName = Release;
		};
/* End XCConfigurationList section */
	};
	rootObject = 7B2F2C852516794F00D7313D /* Project object */;
}
